
Microsoft Visual Studio Solution File, Format Version 12.00
# Visual Studio Version 17
VisualStudioVersion = 17.11.35327.3
MinimumVisualStudioVersion = 10.0.40219.1
Project("{FAE04EC0-301F-11D3-BF4B-00C04F79EFBC}") = "Server", "SocketChat\Server.csproj", "{D32A61C3-91E6-4F72-A27F-94D7BEA8CE4C}"
EndProject
Project("{FAE04EC0-301F-11D3-BF4B-00C04F79EFBC}") = "Encryption", "Encryption\Encryption.csproj", "{93197C88-DAEB-4CFB-BE5E-6A3039C39AF7}"
EndProject
Project("{FAE04EC0-301F-11D3-BF4B-00C04F79EFBC}") = "SharedModels", "SharedModels\SharedModels.csproj", "{A9041BC0-302F-4713-8EB6-C523B7B80265}"
EndProject
Project("{FAE04EC0-301F-11D3-BF4B-00C04F79EFBC}") = "Client", "Client\Client.csproj", "{DE7BFAA5-9039-4279-AA40-DEE5EEB0FF74}"
EndProject
Project("{FAE04EC0-301F-11D3-BF4B-00C04F79EFBC}") = "ChatGUI", "ChatGUI\ChatGUI.csproj", "{24AF6535-15DC-46D9-9EB1-BEEDA4C3C7BE}"
EndProject
Project("{FAE04EC0-301F-11D3-BF4B-00C04F79EFBC}") = "ChatConsole", "ChatConsole\ChatConsole.csproj", "{7C58B691-F85F-4A50-A8DE-724224D690E1}"
EndProject
Project("{FAE04EC0-301F-11D3-BF4B-00C04F79EFBC}") = "ChatWpf", "ChatWpf\ChatWpf.csproj", "{92CCFC89-D50C-4BCE-94AF-5B12AF91FF41}"
EndProject
Global
	GlobalSection(SolutionConfigurationPlatforms) = preSolution
		Debug|Any CPU = Debug|Any CPU
		Release|Any CPU = Release|Any CPU
	EndGlobalSection
	GlobalSection(ProjectConfigurationPlatforms) = postSolution
		{D32A61C3-91E6-4F72-A27F-94D7BEA8CE4C}.Debug|Any CPU.ActiveCfg = Debug|Any CPU
		{D32A61C3-91E6-4F72-A27F-94D7BEA8CE4C}.Debug|Any CPU.Build.0 = Debug|Any CPU
		{D32A61C3-91E6-4F72-A27F-94D7BEA8CE4C}.Release|Any CPU.ActiveCfg = Release|Any CPU
		{D32A61C3-91E6-4F72-A27F-94D7BEA8CE4C}.Release|Any CPU.Build.0 = Release|Any CPU
		{93197C88-DAEB-4CFB-BE5E-6A3039C39AF7}.Debug|Any CPU.ActiveCfg = Debug|Any CPU
		{93197C88-DAEB-4CFB-BE5E-6A3039C39AF7}.Debug|Any CPU.Build.0 = Debug|Any CPU
		{93197C88-DAEB-4CFB-BE5E-6A3039C39AF7}.Release|Any CPU.ActiveCfg = Release|Any CPU
		{93197C88-DAEB-4CFB-BE5E-6A3039C39AF7}.Release|Any CPU.Build.0 = Release|Any CPU
		{A9041BC0-302F-4713-8EB6-C523B7B80265}.Debug|Any CPU.ActiveCfg = Debug|Any CPU
		{A9041BC0-302F-4713-8EB6-C523B7B80265}.Debug|Any CPU.Build.0 = Debug|Any CPU
		{A9041BC0-302F-4713-8EB6-C523B7B80265}.Release|Any CPU.ActiveCfg = Release|Any CPU
		{A9041BC0-302F-4713-8EB6-C523B7B80265}.Release|Any CPU.Build.0 = Release|Any CPU
		{DE7BFAA5-9039-4279-AA40-DEE5EEB0FF74}.Debug|Any CPU.ActiveCfg = Debug|Any CPU
		{DE7BFAA5-9039-4279-AA40-DEE5EEB0FF74}.Debug|Any CPU.Build.0 = Debug|Any CPU
		{DE7BFAA5-9039-4279-AA40-DEE5EEB0FF74}.Release|Any CPU.ActiveCfg = Release|Any CPU
		{DE7BFAA5-9039-4279-AA40-DEE5EEB0FF74}.Release|Any CPU.Build.0 = Release|Any CPU
		{24AF6535-15DC-46D9-9EB1-BEEDA4C3C7BE}.Debug|Any CPU.ActiveCfg = Debug|Any CPU
		{24AF6535-15DC-46D9-9EB1-BEEDA4C3C7BE}.Debug|Any CPU.Build.0 = Debug|Any CPU
		{24AF6535-15DC-46D9-9EB1-BEEDA4C3C7BE}.Debug|Any CPU.Deploy.0 = Debug|Any CPU
		{24AF6535-15DC-46D9-9EB1-BEEDA4C3C7BE}.Release|Any CPU.ActiveCfg = Release|Any CPU
		{24AF6535-15DC-46D9-9EB1-BEEDA4C3C7BE}.Release|Any CPU.Build.0 = Release|Any CPU
		{24AF6535-15DC-46D9-9EB1-BEEDA4C3C7BE}.Release|Any CPU.Deploy.0 = Release|Any CPU
		{7C58B691-F85F-4A50-A8DE-724224D690E1}.Debug|Any CPU.ActiveCfg = Debug|Any CPU
		{7C58B691-F85F-4A50-A8DE-724224D690E1}.Debug|Any CPU.Build.0 = Debug|Any CPU
		{7C58B691-F85F-4A50-A8DE-724224D690E1}.Release|Any CPU.ActiveCfg = Release|Any CPU
		{7C58B691-F85F-4A50-A8DE-724224D690E1}.Release|Any CPU.Build.0 = Release|Any CPU
		{92CCFC89-D50C-4BCE-94AF-5B12AF91FF41}.Debug|Any CPU.ActiveCfg = Debug|Any CPU
		{92CCFC89-D50C-4BCE-94AF-5B12AF91FF41}.Debug|Any CPU.Build.0 = Debug|Any CPU
		{92CCFC89-D50C-4BCE-94AF-5B12AF91FF41}.Release|Any CPU.ActiveCfg = Release|Any CPU
		{92CCFC89-D50C-4BCE-94AF-5B12AF91FF41}.Release|Any CPU.Build.0 = Release|Any CPU
	EndGlobalSection
	GlobalSection(SolutionProperties) = preSolution
		HideSolutionNode = FALSE
	EndGlobalSection
	GlobalSection(ExtensibilityGlobals) = postSolution
		SolutionGuid = {BCEE2A1C-5DE5-4A46-9986-4A2E85B63878}
	EndGlobalSection
EndGlobal
